
Microsoft Visual Studio Solution File, Format Version 12.00
# Visual Studio Version 16
VisualStudioVersion = 16.0.30011.22
MinimumVisualStudioVersion = 10.0.40219.1
Project("{9A19103F-16F7-4668-BE54-9A1E7A4F7556}") = "IdentityServer", "IdentityServer\IdentityServer.csproj", "{C8649E6F-D5F3-4C71-8C2A-BC3E44234BF6}"
EndProject
Project("{9A19103F-16F7-4668-BE54-9A1E7A4F7556}") = "ConsoleClient", "ConsoleClient\ConsoleClient.csproj", "{E4602368-3A89-4AC0-8F15-DD7D41FF8199}"
EndProject
Project("{9A19103F-16F7-4668-BE54-9A1E7A4F7556}") = "CoreApi", "CoreApi\CoreApi.csproj", "{17EF877E-3FD8-47BF-BF9C-43E59A0046E0}"
EndProject
Project("{9A19103F-16F7-4668-BE54-9A1E7A4F7556}") = "MvcClient", "MvcClient\MvcClient.csproj", "{5979C70E-8188-4CE7-A3D4-5F06B72E42C6}"
EndProject
Project("{9A19103F-16F7-4668-BE54-9A1E7A4F7556}") = "JavaScriptClient", "JavaScriptClient\JavaScriptClient.csproj", "{C8EFBCD3-7D3A-4814-BECA-7E4196C376DF}"
EndProject
Project("{2150E333-8FDC-42A3-9474-1A3956D46DE8}") = "Client", "Client", "{4AA1641B-D3B7-463D-942D-5B3474ED49B2}"
EndProject
Project("{2150E333-8FDC-42A3-9474-1A3956D46DE8}") = "Api", "Api", "{928673D8-1AD5-481D-AB93-D768B7D9B8B7}"
EndProject
Project("{FAE04EC0-301F-11D3-BF4B-00C04F79EFBC}") = "Net4Api", "Net4Api\Net4Api.csproj", "{5CE88005-BBA6-4AB9-A1B0-9AD35F6C997A}"
EndProject
Project("{FAE04EC0-301F-11D3-BF4B-00C04F79EFBC}") = "Net4MvcClient", "Net4MvcClient\Net4MvcClient.csproj", "{68C4D65F-9576-4926-92C0-A4A4FBB9BDDA}"
EndProject
Project("{FAE04EC0-301F-11D3-BF4B-00C04F79EFBC}") = "RazorClient", "RazorClient\RazorClient.csproj", "{9D0A5DE9-867E-45C5-A552-3C627A2952FC}"
EndProject
Global
	GlobalSection(SolutionConfigurationPlatforms) = preSolution
		Debug|Any CPU = Debug|Any CPU
		Release|Any CPU = Release|Any CPU
	EndGlobalSection
	GlobalSection(ProjectConfigurationPlatforms) = postSolution
		{C8649E6F-D5F3-4C71-8C2A-BC3E44234BF6}.Debug|Any CPU.ActiveCfg = Debug|Any CPU
		{C8649E6F-D5F3-4C71-8C2A-BC3E44234BF6}.Debug|Any CPU.Build.0 = Debug|Any CPU
		{C8649E6F-D5F3-4C71-8C2A-BC3E44234BF6}.Release|Any CPU.ActiveCfg = Release|Any CPU
		{C8649E6F-D5F3-4C71-8C2A-BC3E44234BF6}.Release|Any CPU.Build.0 = Release|Any CPU
		{E4602368-3A89-4AC0-8F15-DD7D41FF8199}.Debug|Any CPU.ActiveCfg = Debug|Any CPU
		{E4602368-3A89-4AC0-8F15-DD7D41FF8199}.Debug|Any CPU.Build.0 = Debug|Any CPU
		{E4602368-3A89-4AC0-8F15-DD7D41FF8199}.Release|Any CPU.ActiveCfg = Release|Any CPU
		{E4602368-3A89-4AC0-8F15-DD7D41FF8199}.Release|Any CPU.Build.0 = Release|Any CPU
		{17EF877E-3FD8-47BF-BF9C-43E59A0046E0}.Debug|Any CPU.ActiveCfg = Debug|Any CPU
		{17EF877E-3FD8-47BF-BF9C-43E59A0046E0}.Debug|Any CPU.Build.0 = Debug|Any CPU
		{17EF877E-3FD8-47BF-BF9C-43E59A0046E0}.Release|Any CPU.ActiveCfg = Release|Any CPU
		{17EF877E-3FD8-47BF-BF9C-43E59A0046E0}.Release|Any CPU.Build.0 = Release|Any CPU
		{5979C70E-8188-4CE7-A3D4-5F06B72E42C6}.Debug|Any CPU.ActiveCfg = Debug|Any CPU
		{5979C70E-8188-4CE7-A3D4-5F06B72E42C6}.Debug|Any CPU.Build.0 = Debug|Any CPU
		{5979C70E-8188-4CE7-A3D4-5F06B72E42C6}.Release|Any CPU.ActiveCfg = Release|Any CPU
		{5979C70E-8188-4CE7-A3D4-5F06B72E42C6}.Release|Any CPU.Build.0 = Release|Any CPU
		{C8EFBCD3-7D3A-4814-BECA-7E4196C376DF}.Debug|Any CPU.ActiveCfg = Debug|Any CPU
		{C8EFBCD3-7D3A-4814-BECA-7E4196C376DF}.Debug|Any CPU.Build.0 = Debug|Any CPU
		{C8EFBCD3-7D3A-4814-BECA-7E4196C376DF}.Release|Any CPU.ActiveCfg = Release|Any CPU
		{C8EFBCD3-7D3A-4814-BECA-7E4196C376DF}.Release|Any CPU.Build.0 = Release|Any CPU
		{5CE88005-BBA6-4AB9-A1B0-9AD35F6C997A}.Debug|Any CPU.ActiveCfg = Debug|Any CPU
		{5CE88005-BBA6-4AB9-A1B0-9AD35F6C997A}.Debug|Any CPU.Build.0 = Debug|Any CPU
		{5CE88005-BBA6-4AB9-A1B0-9AD35F6C997A}.Release|Any CPU.ActiveCfg = Release|Any CPU
		{5CE88005-BBA6-4AB9-A1B0-9AD35F6C997A}.Release|Any CPU.Build.0 = Release|Any CPU
		{68C4D65F-9576-4926-92C0-A4A4FBB9BDDA}.Debug|Any CPU.ActiveCfg = Debug|Any CPU
		{68C4D65F-9576-4926-92C0-A4A4FBB9BDDA}.Debug|Any CPU.Build.0 = Debug|Any CPU
		{68C4D65F-9576-4926-92C0-A4A4FBB9BDDA}.Release|Any CPU.ActiveCfg = Release|Any CPU
		{68C4D65F-9576-4926-92C0-A4A4FBB9BDDA}.Release|Any CPU.Build.0 = Release|Any CPU
		{9D0A5DE9-867E-45C5-A552-3C627A2952FC}.Debug|Any CPU.ActiveCfg = Debug|Any CPU
		{9D0A5DE9-867E-45C5-A552-3C627A2952FC}.Debug|Any CPU.Build.0 = Debug|Any CPU
		{9D0A5DE9-867E-45C5-A552-3C627A2952FC}.Release|Any CPU.ActiveCfg = Release|Any CPU
		{9D0A5DE9-867E-45C5-A552-3C627A2952FC}.Release|Any CPU.Build.0 = Release|Any CPU
	EndGlobalSection
	GlobalSection(SolutionProperties) = preSolution
		HideSolutionNode = FALSE
	EndGlobalSection
	GlobalSection(NestedProjects) = preSolution
		{E4602368-3A89-4AC0-8F15-DD7D41FF8199} = {4AA1641B-D3B7-463D-942D-5B3474ED49B2}
		{17EF877E-3FD8-47BF-BF9C-43E59A0046E0} = {928673D8-1AD5-481D-AB93-D768B7D9B8B7}
		{5979C70E-8188-4CE7-A3D4-5F06B72E42C6} = {4AA1641B-D3B7-463D-942D-5B3474ED49B2}
		{C8EFBCD3-7D3A-4814-BECA-7E4196C376DF} = {4AA1641B-D3B7-463D-942D-5B3474ED49B2}
		{5CE88005-BBA6-4AB9-A1B0-9AD35F6C997A} = {928673D8-1AD5-481D-AB93-D768B7D9B8B7}
		{68C4D65F-9576-4926-92C0-A4A4FBB9BDDA} = {4AA1641B-D3B7-463D-942D-5B3474ED49B2}
		{9D0A5DE9-867E-45C5-A552-3C627A2952FC} = {4AA1641B-D3B7-463D-942D-5B3474ED49B2}
	EndGlobalSection
	GlobalSection(ExtensibilityGlobals) = postSolution
		SolutionGuid = {E3BF2971-749F-4C15-845D-A1A2B7664768}
	EndGlobalSection
EndGlobal
